// !$*UTF8*$!
{
	archiveVersion = 1;
	classes = {
	};
	objectVersion = 55;
	objects = {

/* Begin PBXBuildFile section */
		219902D82811F0F30074E82C /* MonitorRedApp.swift in Sources */ = {isa = PBXBuildFile; fileRef = 219902C82811F0F10074E82C /* MonitorRedApp.swift */; };
		219902D92811F0F30074E82C /* MonitorRedApp.swift in Sources */ = {isa = PBXBuildFile; fileRef = 219902C82811F0F10074E82C /* MonitorRedApp.swift */; };
		219902DA2811F0F30074E82C /* ContentView.swift in Sources */ = {isa = PBXBuildFile; fileRef = 219902C92811F0F10074E82C /* ContentView.swift */; };
		219902DB2811F0F30074E82C /* ContentView.swift in Sources */ = {isa = PBXBuildFile; fileRef = 219902C92811F0F10074E82C /* ContentView.swift */; };
		219902DC2811F0F30074E82C /* Assets.xcassets in Resources */ = {isa = PBXBuildFile; fileRef = 219902CA2811F0F30074E82C /* Assets.xcassets */; };
		219902DD2811F0F30074E82C /* Assets.xcassets in Resources */ = {isa = PBXBuildFile; fileRef = 219902CA2811F0F30074E82C /* Assets.xcassets */; };
		219902E82811F38F0074E82C /* NetworkMonitor.swift in Sources */ = {isa = PBXBuildFile; fileRef = 219902E72811F38F0074E82C /* NetworkMonitor.swift */; };
		219902E92811F38F0074E82C /* NetworkMonitor.swift in Sources */ = {isa = PBXBuildFile; fileRef = 219902E72811F38F0074E82C /* NetworkMonitor.swift */; };
		21F8BF4B2812F65400FF3A77 /* ExternalAccessory.framework in Frameworks */ = {isa = PBXBuildFile; fileRef = 21F8BF4A2812F65400FF3A77 /* ExternalAccessory.framework */; };
		21F8BF4D281335F100FF3A77 /* EstadoRed.swift in Sources */ = {isa = PBXBuildFile; fileRef = 21F8BF4C281335F100FF3A77 /* EstadoRed.swift */; };
		21F8BF4E281335F100FF3A77 /* EstadoRed.swift in Sources */ = {isa = PBXBuildFile; fileRef = 21F8BF4C281335F100FF3A77 /* EstadoRed.swift */; };
/* End PBXBuildFile section */

/* Begin PBXFileReference section */
		219902C82811F0F10074E82C /* MonitorRedApp.swift */ = {isa = PBXFileReference; lastKnownFileType = sourcecode.swift; path = MonitorRedApp.swift; sourceTree = "<group>"; };
		219902C92811F0F10074E82C /* ContentView.swift */ = {isa = PBXFileReference; lastKnownFileType = sourcecode.swift; path = ContentView.swift; sourceTree = "<group>"; };
		219902CA2811F0F30074E82C /* Assets.xcassets */ = {isa = PBXFileReference; lastKnownFileType = folder.assetcatalog; path = Assets.xcassets; sourceTree = "<group>"; };
		219902CF2811F0F30074E82C /* MonitorRed.app */ = {isa = PBXFileReference; explicitFileType = wrapper.application; includeInIndex = 0; path = MonitorRed.app; sourceTree = BUILT_PRODUCTS_DIR; };
		219902D52811F0F30074E82C /* MonitorRed.app */ = {isa = PBXFileReference; explicitFileType = wrapper.application; includeInIndex = 0; path = MonitorRed.app; sourceTree = BUILT_PRODUCTS_DIR; };
		219902D72811F0F30074E82C /* macOS.entitlements */ = {isa = PBXFileReference; lastKnownFileType = text.plist.entitlements; path = macOS.entitlements; sourceTree = "<group>"; };
		219902E62811F2BC0074E82C /* MonitorRed--macOS--Info.plist */ = {isa = PBXFileReference; lastKnownFileType = text.plist; path = "MonitorRed--macOS--Info.plist"; sourceTree = "<group>"; };
		219902E72811F38F0074E82C /* NetworkMonitor.swift */ = {isa = PBXFileReference; lastKnownFileType = sourcecode.swift; path = NetworkMonitor.swift; sourceTree = "<group>"; };
		21F8BF482812F65400FF3A77 /* MonitorRed (iOS).entitlements */ = {isa = PBXFileReference; lastKnownFileType = text.plist.entitlements; path = "MonitorRed (iOS).entitlements"; sourceTree = "<group>"; };
		21F8BF4A2812F65400FF3A77 /* ExternalAccessory.framework */ = {isa = PBXFileReference; lastKnownFileType = wrapper.framework; name = ExternalAccessory.framework; path = Platforms/iPhoneOS.platform/Developer/SDKs/iPhoneOS15.4.sdk/System/Library/Frameworks/ExternalAccessory.framework; sourceTree = DEVELOPER_DIR; };
		21F8BF4C281335F100FF3A77 /* EstadoRed.swift */ = {isa = PBXFileReference; lastKnownFileType = sourcecode.swift; path = EstadoRed.swift; sourceTree = "<group>"; };
/* End PBXFileReference section */

/* Begin PBXFrameworksBuildPhase section */
		219902CC2811F0F30074E82C /* Frameworks */ = {
			isa = PBXFrameworksBuildPhase;
			buildActionMask = 2147483647;
			files = (
				21F8BF4B2812F65400FF3A77 /* ExternalAccessory.framework in Frameworks */,
			);
			runOnlyForDeploymentPostprocessing = 0;
		};
		219902D22811F0F30074E82C /* Frameworks */ = {
			isa = PBXFrameworksBuildPhase;
			buildActionMask = 2147483647;
			files = (
			);
			runOnlyForDeploymentPostprocessing = 0;
		};
/* End PBXFrameworksBuildPhase section */

/* Begin PBXGroup section */
		219902C22811F0F10074E82C = {
			isa = PBXGroup;
			children = (
				21F8BF482812F65400FF3A77 /* MonitorRed (iOS).entitlements */,
				219902E62811F2BC0074E82C /* MonitorRed--macOS--Info.plist */,
				219902C72811F0F10074E82C /* Shared */,
				219902D62811F0F30074E82C /* macOS */,
				219902D02811F0F30074E82C /* Products */,
				21F8BF492812F65400FF3A77 /* Frameworks */,
			);
			sourceTree = "<group>";
		};
		219902C72811F0F10074E82C /* Shared */ = {
			isa = PBXGroup;
			children = (
				219902C82811F0F10074E82C /* MonitorRedApp.swift */,
				219902E72811F38F0074E82C /* NetworkMonitor.swift */,
				219902C92811F0F10074E82C /* ContentView.swift */,
				21F8BF4C281335F100FF3A77 /* EstadoRed.swift */,
				219902CA2811F0F30074E82C /* Assets.xcassets */,
			);
			path = Shared;
			sourceTree = "<group>";
		};
		219902D02811F0F30074E82C /* Products */ = {
			isa = PBXGroup;
			children = (
				219902CF2811F0F30074E82C /* MonitorRed.app */,
				219902D52811F0F30074E82C /* MonitorRed.app */,
			);
			name = Products;
			sourceTree = "<group>";
		};
		219902D62811F0F30074E82C /* macOS */ = {
			isa = PBXGroup;
			children = (
				219902D72811F0F30074E82C /* macOS.entitlements */,
			);
			path = macOS;
			sourceTree = "<group>";
		};
		21F8BF492812F65400FF3A77 /* Frameworks */ = {
			isa = PBXGroup;
			children = (
				21F8BF4A2812F65400FF3A77 /* ExternalAccessory.framework */,
			);
			name = Frameworks;
			sourceTree = "<group>";
		};
/* End PBXGroup section */

/* Begin PBXNativeTarget section */
		219902CE2811F0F30074E82C /* MonitorRed (iOS) */ = {
			isa = PBXNativeTarget;
			buildConfigurationList = 219902E02811F0F30074E82C /* Build configuration list for PBXNativeTarget "MonitorRed (iOS)" */;
			buildPhases = (
				219902CB2811F0F30074E82C /* Sources */,
				219902CC2811F0F30074E82C /* Frameworks */,
				219902CD2811F0F30074E82C /* Resources */,
			);
			buildRules = (
			);
			dependencies = (
			);
			name = "MonitorRed (iOS)";
			productName = "MonitorRed (iOS)";
			productReference = 219902CF2811F0F30074E82C /* MonitorRed.app */;
			productType = "com.apple.product-type.application";
		};
		219902D42811F0F30074E82C /* MonitorRed (macOS) */ = {
			isa = PBXNativeTarget;
			buildConfigurationList = 219902E32811F0F30074E82C /* Build configuration list for PBXNativeTarget "MonitorRed (macOS)" */;
			buildPhases = (
				219902D12811F0F30074E82C /* Sources */,
				219902D22811F0F30074E82C /* Frameworks */,
				219902D32811F0F30074E82C /* Resources */,
			);
			buildRules = (
			);
			dependencies = (
			);
			name = "MonitorRed (macOS)";
			productName = "MonitorRed (macOS)";
			productReference = 219902D52811F0F30074E82C /* MonitorRed.app */;
			productType = "com.apple.product-type.application";
		};
/* End PBXNativeTarget section */

/* Begin PBXProject section */
		219902C32811F0F10074E82C /* Project object */ = {
			isa = PBXProject;
			attributes = {
				BuildIndependentTargetsInParallel = 1;
				LastSwiftUpdateCheck = 1330;
				LastUpgradeCheck = 1330;
				TargetAttributes = {
					219902CE2811F0F30074E82C = {
						CreatedOnToolsVersion = 13.3.1;
					};
					219902D42811F0F30074E82C = {
						CreatedOnToolsVersion = 13.3.1;
					};
				};
			};
			buildConfigurationList = 219902C62811F0F10074E82C /* Build configuration list for PBXProject "MonitorRed" */;
			compatibilityVersion = "Xcode 13.0";
			developmentRegion = en;
			hasScannedForEncodings = 0;
			knownRegions = (
				en,
				Base,
			);
			mainGroup = 219902C22811F0F10074E82C;
			productRefGroup = 219902D02811F0F30074E82C /* Products */;
			projectDirPath = "";
			projectRoot = "";
			targets = (
				219902CE2811F0F30074E82C /* MonitorRed (iOS) */,
				219902D42811F0F30074E82C /* MonitorRed (macOS) */,
			);
		};
/* End PBXProject section */

/* Begin PBXResourcesBuildPhase section */
		219902CD2811F0F30074E82C /* Resources */ = {
			isa = PBXResourcesBuildPhase;
			buildActionMask = 2147483647;
			files = (
				219902DC2811F0F30074E82C /* Assets.xcassets in Resources */,
			);
			runOnlyForDeploymentPostprocessing = 0;
		};
		219902D32811F0F30074E82C /* Resources */ = {
			isa = PBXResourcesBuildPhase;
			buildActionMask = 2147483647;
			files = (
				219902DD2811F0F30074E82C /* Assets.xcassets in Resources */,
			);
			runOnlyForDeploymentPostprocessing = 0;
		};
/* End PBXResourcesBuildPhase section */

/* Begin PBXSourcesBuildPhase section */
		219902CB2811F0F30074E82C /* Sources */ = {
			isa = PBXSourcesBuildPhase;
			buildActionMask = 2147483647;
			files = (
				219902DA2811F0F30074E82C /* ContentView.swift in Sources */,
				219902E82811F38F0074E82C /* NetworkMonitor.swift in Sources */,
				21F8BF4D281335F100FF3A77 /* EstadoRed.swift in Sources */,
				219902D82811F0F30074E82C /* MonitorRedApp.swift in Sources */,
			);
			runOnlyForDeploymentPostprocessing = 0;
		};
		219902D12811F0F30074E82C /* Sources */ = {
			isa = PBXSourcesBuildPhase;
			buildActionMask = 2147483647;
			files = (
				219902DB2811F0F30074E82C /* ContentView.swift in Sources */,
				219902E92811F38F0074E82C /* NetworkMonitor.swift in Sources */,
				21F8BF4E281335F100FF3A77 /* EstadoRed.swift in Sources */,
				219902D92811F0F30074E82C /* MonitorRedApp.swift in Sources */,
			);
			runOnlyForDeploymentPostprocessing = 0;
		};
/* End PBXSourcesBuildPhase section */

/* Begin XCBuildConfiguration section */
		219902DE2811F0F30074E82C /* Debug */ = {
			isa = XCBuildConfiguration;
			buildSettings = {
				ALWAYS_SEARCH_USER_PATHS = NO;
				CLANG_ANALYZER_NONNULL = YES;
				CLANG_ANALYZER_NUMBER_OBJECT_CONVERSION = YES_AGGRESSIVE;
				CLANG_CXX_LANGUAGE_STANDARD = "gnu++17";
				CLANG_ENABLE_MODULES = YES;
				CLANG_ENABLE_OBJC_ARC = YES;
				CLANG_ENABLE_OBJC_WEAK = YES;
				CLANG_WARN_BLOCK_CAPTURE_AUTORELEASING = YES;
				CLANG_WARN_BOOL_CONVERSION = YES;
				CLANG_WARN_COMMA = YES;
				CLANG_WARN_CONSTANT_CONVERSION = YES;
				CLANG_WARN_DEPRECATED_OBJC_IMPLEMENTATIONS = YES;
				CLANG_WARN_DIRECT_OBJC_ISA_USAGE = YES_ERROR;
				CLANG_WARN_DOCUMENTATION_COMMENTS = YES;
				CLANG_WARN_EMPTY_BODY = YES;
				CLANG_WARN_ENUM_CONVERSION = YES;
				CLANG_WARN_INFINITE_RECURSION = YES;
				CLANG_WARN_INT_CONVERSION = YES;
				CLANG_WARN_NON_LITERAL_NULL_CONVERSION = YES;
				CLANG_WARN_OBJC_IMPLICIT_RETAIN_SELF = YES;
				CLANG_WARN_OBJC_LITERAL_CONVERSION = YES;
				CLANG_WARN_OBJC_ROOT_CLASS = YES_ERROR;
				CLANG_WARN_QUOTED_INCLUDE_IN_FRAMEWORK_HEADER = YES;
				CLANG_WARN_RANGE_LOOP_ANALYSIS = YES;
				CLANG_WARN_STRICT_PROTOTYPES = YES;
				CLANG_WARN_SUSPICIOUS_MOVE = YES;
				CLANG_WARN_UNGUARDED_AVAILABILITY = YES_AGGRESSIVE;
				CLANG_WARN_UNREACHABLE_CODE = YES;
				CLANG_WARN__DUPLICATE_METHOD_MATCH = YES;
				COPY_PHASE_STRIP = NO;
				DEBUG_INFORMATION_FORMAT = dwarf;
				ENABLE_STRICT_OBJC_MSGSEND = YES;
				ENABLE_TESTABILITY = YES;
				GCC_C_LANGUAGE_STANDARD = gnu11;
				GCC_DYNAMIC_NO_PIC = NO;
				GCC_NO_COMMON_BLOCKS = YES;
				GCC_OPTIMIZATION_LEVEL = 0;
				GCC_PREPROCESSOR_DEFINITIONS = (
					"DEBUG=1",
					"$(inherited)",
				);
				GCC_WARN_64_TO_32_BIT_CONVERSION = YES;
				GCC_WARN_ABOUT_RETURN_TYPE = YES_ERROR;
				GCC_WARN_UNDECLARED_SELECTOR = YES;
				GCC_WARN_UNINITIALIZED_AUTOS = YES_AGGRESSIVE;
				GCC_WARN_UNUSED_FUNCTION = YES;
				GCC_WARN_UNUSED_VARIABLE = YES;
				MTL_ENABLE_DEBUG_INFO = INCLUDE_SOURCE;
				MTL_FAST_MATH = YES;
				ONLY_ACTIVE_ARCH = YES;
				SWIFT_ACTIVE_COMPILATION_CONDITIONS = DEBUG;
				SWIFT_OPTIMIZATION_LEVEL = "-Onone";
			};
			name = Debug;
		};
		219902DF2811F0F30074E82C /* Release */ = {
			isa = XCBuildConfiguration;
			buildSettings = {
				ALWAYS_SEARCH_USER_PATHS = NO;
				CLANG_ANALYZER_NONNULL = YES;
				CLANG_ANALYZER_NUMBER_OBJECT_CONVERSION = YES_AGGRESSIVE;
				CLANG_CXX_LANGUAGE_STANDARD = "gnu++17";
				CLANG_ENABLE_MODULES = YES;
				CLANG_ENABLE_OBJC_ARC = YES;
				CLANG_ENABLE_OBJC_WEAK = YES;
				CLANG_WARN_BLOCK_CAPTURE_AUTORELEASING = YES;
				CLANG_WARN_BOOL_CONVERSION = YES;
				CLANG_WARN_COMMA = YES;
				CLANG_WARN_CONSTANT_CONVERSION = YES;
				CLANG_WARN_DEPRECATED_OBJC_IMPLEMENTATIONS = YES;
				CLANG_WARN_DIRECT_OBJC_ISA_USAGE = YES_ERROR;
				CLANG_WARN_DOCUMENTATION_COMMENTS = YES;
				CLANG_WARN_EMPTY_BODY = YES;
				CLANG_WARN_ENUM_CONVERSION = YES;
				CLANG_WARN_INFINITE_RECURSION = YES;
				CLANG_WARN_INT_CONVERSION = YES;
				CLANG_WARN_NON_LITERAL_NULL_CONVERSION = YES;
				CLANG_WARN_OBJC_IMPLICIT_RETAIN_SELF = YES;
				CLANG_WARN_OBJC_LITERAL_CONVERSION = YES;
				CLANG_WARN_OBJC_ROOT_CLASS = YES_ERROR;
				CLANG_WARN_QUOTED_INCLUDE_IN_FRAMEWORK_HEADER = YES;
				CLANG_WARN_RANGE_LOOP_ANALYSIS = YES;
				CLANG_WARN_STRICT_PROTOTYPES = YES;
				CLANG_WARN_SUSPICIOUS_MOVE = YES;
				CLANG_WARN_UNGUARDED_AVAILABILITY = YES_AGGRESSIVE;
				CLANG_WARN_UNREACHABLE_CODE = YES;
				CLANG_WARN__DUPLICATE_METHOD_MATCH = YES;
				COPY_PHASE_STRIP = NO;
				DEBUG_INFORMATION_FORMAT = "dwarf-with-dsym";
				ENABLE_NS_ASSERTIONS = NO;
				ENABLE_STRICT_OBJC_MSGSEND = YES;
				GCC_C_LANGUAGE_STANDARD = gnu11;
				GCC_NO_COMMON_BLOCKS = YES;
				GCC_WARN_64_TO_32_BIT_CONVERSION = YES;
				GCC_WARN_ABOUT_RETURN_TYPE = YES_ERROR;
				GCC_WARN_UNDECLARED_SELECTOR = YES;
				GCC_WARN_UNINITIALIZED_AUTOS = YES_AGGRESSIVE;
				GCC_WARN_UNUSED_FUNCTION = YES;
				GCC_WARN_UNUSED_VARIABLE = YES;
				MTL_ENABLE_DEBUG_INFO = NO;
				MTL_FAST_MATH = YES;
				SWIFT_COMPILATION_MODE = wholemodule;
				SWIFT_OPTIMIZATION_LEVEL = "-O";
			};
			name = Release;
		};
		219902E12811F0F30074E82C /* Debug */ = {
			isa = XCBuildConfiguration;
			buildSettings = {
				ASSETCATALOG_COMPILER_APPICON_NAME = AppIcon;
				ASSETCATALOG_COMPILER_GLOBAL_ACCENT_COLOR_NAME = AccentColor;
				CODE_SIGN_ENTITLEMENTS = "MonitorRed (iOS).entitlements";
				CODE_SIGN_STYLE = Automatic;
				CURRENT_PROJECT_VERSION = 1;
				DEVELOPMENT_TEAM = J3R9SPFEX5;
				ENABLE_PREVIEWS = YES;
				GENERATE_INFOPLIST_FILE = YES;
				INFOPLIST_KEY_UIApplicationSceneManifest_Generation = YES;
				INFOPLIST_KEY_UIApplicationSupportsIndirectInputEvents = YES;
				INFOPLIST_KEY_UILaunchScreen_Generation = YES;
				INFOPLIST_KEY_UISupportedInterfaceOrientations_iPad = "UIInterfaceOrientationPortrait UIInterfaceOrientationPortraitUpsideDown UIInterfaceOrientationLandscapeLeft UIInterfaceOrientationLandscapeRight";
				INFOPLIST_KEY_UISupportedInterfaceOrientations_iPhone = "UIInterfaceOrientationPortrait UIInterfaceOrientationLandscapeLeft UIInterfaceOrientationLandscapeRight";
				IPHONEOS_DEPLOYMENT_TARGET = 15.4;
				LD_RUNPATH_SEARCH_PATHS = (
					"$(inherited)",
					"@executable_path/Frameworks",
				);
				MARKETING_VERSION = 1.0;
				PRODUCT_BUNDLE_IDENTIFIER = cl.7seeds.MonitorRed;
				PRODUCT_NAME = MonitorRed;
				SDKROOT = iphoneos;
				SWIFT_EMIT_LOC_STRINGS = YES;
				SWIFT_VERSION = 5.0;
				TARGETED_DEVICE_FAMILY = "1,2";
			};
			name = Debug;
		};
		219902E22811F0F30074E82C /* Release */ = {
			isa = XCBuildConfiguration;
			buildSettings = {
				ASSETCATALOG_COMPILER_APPICON_NAME = AppIcon;
				ASSETCATALOG_COMPILER_GLOBAL_ACCENT_COLOR_NAME = AccentColor;
				CODE_SIGN_ENTITLEMENTS = "MonitorRed (iOS).entitlements";
				CODE_SIGN_STYLE = Automatic;
				CURRENT_PROJECT_VERSION = 1;
				DEVELOPMENT_TEAM = J3R9SPFEX5;
				ENABLE_PREVIEWS = YES;
				GENERATE_INFOPLIST_FILE = YES;
				INFOPLIST_KEY_UIApplicationSceneManifest_Generation = YES;
				INFOPLIST_KEY_UIApplicationSupportsIndirectInputEvents = YES;
				INFOPLIST_KEY_UILaunchScreen_Generation = YES;
				INFOPLIST_KEY_UISupportedInterfaceOrientations_iPad = "UIInterfaceOrientationPortrait UIInterfaceOrientationPortraitUpsideDown UIInterfaceOrientationLandscapeLeft UIInterfaceOrientationLandscapeRight";
				INFOPLIST_KEY_UISupportedInterfaceOrientations_iPhone = "UIInterfaceOrientationPortrait UIInterfaceOrientationLandscapeLeft UIInterfaceOrientationLandscapeRight";
				IPHONEOS_DEPLOYMENT_TARGET = 15.4;
				LD_RUNPATH_SEARCH_PATHS = (
					"$(inherited)",
					"@executable_path/Frameworks",
				);
				MARKETING_VERSION = 1.0;
				PRODUCT_BUNDLE_IDENTIFIER = cl.7seeds.MonitorRed;
				PRODUCT_NAME = MonitorRed;
				SDKROOT = iphoneos;
				SWIFT_EMIT_LOC_STRINGS = YES;
				SWIFT_VERSION = 5.0;
				TARGETED_DEVICE_FAMILY = "1,2";
				VALIDATE_PRODUCT = YES;
			};
			name = Release;
		};
		219902E42811F0F30074E82C /* Debug */ = {
			isa = XCBuildConfiguration;
			buildSettings = {
				ASSETCATALOG_COMPILER_APPICON_NAME = AppIcon;
				ASSETCATALOG_COMPILER_GLOBAL_ACCENT_COLOR_NAME = AccentColor;
				CODE_SIGN_ENTITLEMENTS = macOS/macOS.entitlements;
				CODE_SIGN_STYLE = Automatic;
				COMBINE_HIDPI_IMAGES = YES;
				CURRENT_PROJECT_VERSION = 1;
				DEVELOPMENT_TEAM = J3R9SPFEX5;
				ENABLE_HARDENED_RUNTIME = YES;
				ENABLE_PREVIEWS = YES;
				GENERATE_INFOPLIST_FILE = YES;
				INFOPLIST_FILE = "MonitorRed--macOS--Info.plist";
				INFOPLIST_KEY_NSHumanReadableCopyright = "";
				LD_RUNPATH_SEARCH_PATHS = (
					"$(inherited)",
					"@executable_path/../Frameworks",
				);
				MACOSX_DEPLOYMENT_TARGET = 12.3;
				MARKETING_VERSION = 1.0;
				PRODUCT_BUNDLE_IDENTIFIER = cl.7seeds.MonitorRed;
				PRODUCT_NAME = MonitorRed;
				SDKROOT = macosx;
				SWIFT_EMIT_LOC_STRINGS = YES;
				SWIFT_VERSION = 5.0;
			};
			name = Debug;
		};
		219902E52811F0F30074E82C /* Release */ = {
			isa = XCBuildConfiguration;
			buildSettings = {
				ASSETCATALOG_COMPILER_APPICON_NAME = AppIcon;
				ASSETCATALOG_COMPILER_GLOBAL_ACCENT_COLOR_NAME = AccentColor;
				CODE_SIGN_ENTITLEMENTS = macOS/macOS.entitlements;
				CODE_SIGN_STYLE = Automatic;
				COMBINE_HIDPI_IMAGES = YES;
				CURRENT_PROJECT_VERSION = 1;
				DEVELOPMENT_TEAM = J3R9SPFEX5;
				ENABLE_HARDENED_RUNTIME = YES;
				ENABLE_PREVIEWS = YES;
				GENERATE_INFOPLIST_FILE = YES;
				INFOPLIST_FILE = "MonitorRed--macOS--Info.plist";
				INFOPLIST_KEY_NSHumanReadableCopyright = "";
				LD_RUNPATH_SEARCH_PATHS = (
					"$(inherited)",
					"@executable_path/../Frameworks",
				);
				MACOSX_DEPLOYMENT_TARGET = 12.3;
				MARKETING_VERSION = 1.0;
				PRODUCT_BUNDLE_IDENTIFIER = cl.7seeds.MonitorRed;
				PRODUCT_NAME = MonitorRed;
				SDKROOT = macosx;
				SWIFT_EMIT_LOC_STRINGS = YES;
				SWIFT_VERSION = 5.0;
			};
			name = Release;
		};
/* End XCBuildConfiguration section */

/* Begin XCConfigurationList section */
		219902C62811F0F10074E82C /* Build configuration list for PBXProject "MonitorRed" */ = {
			isa = XCConfigurationList;
			buildConfigurations = (
				219902DE2811F0F30074E82C /* Debug */,
				219902DF2811F0F30074E82C /* Release */,
			);
			defaultConfigurationIsVisible = 0;
			defaultConfigurationName = Release;
		};
		219902E02811F0F30074E82C /* Build configuration list for PBXNativeTarget "MonitorRed (iOS)" */ = {
			isa = XCConfigurationList;
			buildConfigurations = (
				219902E12811F0F30074E82C /* Debug */,
				219902E22811F0F30074E82C /* Release */,
			);
			defaultConfigurationIsVisible = 0;
			defaultConfigurationName = Release;
		};
		219902E32811F0F30074E82C /* Build configuration list for PBXNativeTarget "MonitorRed (macOS)" */ = {
			isa = XCConfigurationList;
			buildConfigurations = (
				219902E42811F0F30074E82C /* Debug */,
				219902E52811F0F30074E82C /* Release */,
			);
			defaultConfigurationIsVisible = 0;
			defaultConfigurationName = Release;
		};
/* End XCConfigurationList section */
	};
	rootObject = 219902C32811F0F10074E82C /* Project object */;
}
